// !$*UTF8*$!
{
	archiveVersion = 1;
	classes = {
	};
	objectVersion = 46;
	objects = {

/* Begin PBXBuildFile section */
		5D237AE41C200DC300293BDD /* main.m in Sources */ = {isa = PBXBuildFile; fileRef = 5D237AE31C200DC300293BDD /* main.m */; };
		5D237AE71C200DC300293BDD /* AppDelegate.m in Sources */ = {isa = PBXBuildFile; fileRef = 5D237AE61C200DC300293BDD /* AppDelegate.m */; };
		5D237AEA1C200DC300293BDD /* GameScene.m in Sources */ = {isa = PBXBuildFile; fileRef = 5D237AE91C200DC300293BDD /* GameScene.m */; };
		5D237AEC1C200DC300293BDD /* GameScene.sks in Resources */ = {isa = PBXBuildFile; fileRef = 5D237AEB1C200DC300293BDD /* GameScene.sks */; };
		5D237AEF1C200DC400293BDD /* GameViewController.m in Sources */ = {isa = PBXBuildFile; fileRef = 5D237AEE1C200DC400293BDD /* GameViewController.m */; };
		5D237AF21C200DC400293BDD /* Main.storyboard in Resources */ = {isa = PBXBuildFile; fileRef = 5D237AF01C200DC400293BDD /* Main.storyboard */; };
		5D237AF41C200DC400293BDD /* Assets.xcassets in Resources */ = {isa = PBXBuildFile; fileRef = 5D237AF31C200DC400293BDD /* Assets.xcassets */; };
		5D237AF71C200DC400293BDD /* LaunchScreen.storyboard in Resources */ = {isa = PBXBuildFile; fileRef = 5D237AF51C200DC400293BDD /* LaunchScreen.storyboard */; };
		5D237B651C20108800293BDD /* letterA.png in Resources */ = {isa = PBXBuildFile; fileRef = 5D237B061C20108800293BDD /* letterA.png */; };
		5D237B661C20108800293BDD /* letterB.png in Resources */ = {isa = PBXBuildFile; fileRef = 5D237B071C20108800293BDD /* letterB.png */; };
		5D237B671C20108800293BDD /* letterC.png in Resources */ = {isa = PBXBuildFile; fileRef = 5D237B081C20108800293BDD /* letterC.png */; };
		5D237B681C20108800293BDD /* letterD.png in Resources */ = {isa = PBXBuildFile; fileRef = 5D237B091C20108800293BDD /* letterD.png */; };
		5D237B691C20108800293BDD /* letterE.png in Resources */ = {isa = PBXBuildFile; fileRef = 5D237B0A1C20108800293BDD /* letterE.png */; };
		5D237B6A1C20108800293BDD /* letterF.png in Resources */ = {isa = PBXBuildFile; fileRef = 5D237B0B1C20108800293BDD /* letterF.png */; };
		5D237B6B1C20108800293BDD /* letterG.png in Resources */ = {isa = PBXBuildFile; fileRef = 5D237B0C1C20108800293BDD /* letterG.png */; };
		5D237B6C1C20108800293BDD /* letterH.png in Resources */ = {isa = PBXBuildFile; fileRef = 5D237B0D1C20108800293BDD /* letterH.png */; };
		5D237B6D1C20108800293BDD /* letterI.png in Resources */ = {isa = PBXBuildFile; fileRef = 5D237B0E1C20108800293BDD /* letterI.png */; };
		5D237B6E1C20108800293BDD /* letterJ.png in Resources */ = {isa = PBXBuildFile; fileRef = 5D237B0F1C20108800293BDD /* letterJ.png */; };
		5D237B6F1C20108800293BDD /* letterK.png in Resources */ = {isa = PBXBuildFile; fileRef = 5D237B101C20108800293BDD /* letterK.png */; };
		5D237B701C20108800293BDD /* letterL.png in Resources */ = {isa = PBXBuildFile; fileRef = 5D237B111C20108800293BDD /* letterL.png */; };
		5D237B711C20108800293BDD /* letterM.png in Resources */ = {isa = PBXBuildFile; fileRef = 5D237B121C20108800293BDD /* letterM.png */; };
		5D237B721C20108800293BDD /* letterN.png in Resources */ = {isa = PBXBuildFile; fileRef = 5D237B131C20108800293BDD /* letterN.png */; };
		5D237B731C20108800293BDD /* letterO.png in Resources */ = {isa = PBXBuildFile; fileRef = 5D237B141C20108800293BDD /* letterO.png */; };
		5D237B741C20108800293BDD /* letterP.png in Resources */ = {isa = PBXBuildFile; fileRef = 5D237B151C20108800293BDD /* letterP.png */; };
		5D237B751C20108800293BDD /* letterQ.png in Resources */ = {isa = PBXBuildFile; fileRef = 5D237B161C20108800293BDD /* letterQ.png */; };
		5D237B761C20108800293BDD /* letterR.png in Resources */ = {isa = PBXBuildFile; fileRef = 5D237B171C20108800293BDD /* letterR.png */; };
		5D237B771C20108800293BDD /* letterS.png in Resources */ = {isa = PBXBuildFile; fileRef = 5D237B181C20108800293BDD /* letterS.png */; };
		5D237B781C20108800293BDD /* letterT.png in Resources */ = {isa = PBXBuildFile; fileRef = 5D237B191C20108800293BDD /* letterT.png */; };
		5D237B791C20108800293BDD /* letterU.png in Resources */ = {isa = PBXBuildFile; fileRef = 5D237B1A1C20108800293BDD /* letterU.png */; };
		5D237B7A1C20108800293BDD /* letterV.png in Resources */ = {isa = PBXBuildFile; fileRef = 5D237B1B1C20108800293BDD /* letterV.png */; };
		5D237B7B1C20108800293BDD /* letterW.png in Resources */ = {isa = PBXBuildFile; fileRef = 5D237B1C1C20108800293BDD /* letterW.png */; };
		5D237B7C1C20108800293BDD /* letterX.png in Resources */ = {isa = PBXBuildFile; fileRef = 5D237B1D1C20108800293BDD /* letterX.png */; };
		5D237B7D1C20108800293BDD /* letterY.png in Resources */ = {isa = PBXBuildFile; fileRef = 5D237B1E1C20108800293BDD /* letterY.png */; };
		5D237B7E1C20108800293BDD /* letterZ.png in Resources */ = {isa = PBXBuildFile; fileRef = 5D237B1F1C20108800293BDD /* letterZ.png */; };
		5D237B7F1C20108800293BDD /* number0.png in Resources */ = {isa = PBXBuildFile; fileRef = 5D237B211C20108800293BDD /* number0.png */; };
		5D237B801C20108800293BDD /* number1.png in Resources */ = {isa = PBXBuildFile; fileRef = 5D237B221C20108800293BDD /* number1.png */; };
		5D237B811C20108800293BDD /* number2.png in Resources */ = {isa = PBXBuildFile; fileRef = 5D237B231C20108800293BDD /* number2.png */; };
		5D237B821C20108800293BDD /* number3.png in Resources */ = {isa = PBXBuildFile; fileRef = 5D237B241C20108800293BDD /* number3.png */; };
		5D237B831C20108800293BDD /* number4.png in Resources */ = {isa = PBXBuildFile; fileRef = 5D237B251C20108800293BDD /* number4.png */; };
		5D237B841C20108800293BDD /* number5.png in Resources */ = {isa = PBXBuildFile; fileRef = 5D237B261C20108800293BDD /* number5.png */; };
		5D237B851C20108800293BDD /* number6.png in Resources */ = {isa = PBXBuildFile; fileRef = 5D237B271C20108800293BDD /* number6.png */; };
		5D237B861C20108800293BDD /* number7.png in Resources */ = {isa = PBXBuildFile; fileRef = 5D237B281C20108800293BDD /* number7.png */; };
		5D237B871C20108800293BDD /* number8.png in Resources */ = {isa = PBXBuildFile; fileRef = 5D237B291C20108800293BDD /* number8.png */; };
		5D237B881C20108800293BDD /* number9.png in Resources */ = {isa = PBXBuildFile; fileRef = 5D237B2A1C20108800293BDD /* number9.png */; };
		5D237B951C20108800293BDD /* puffLarge@2x.png in Resources */ = {isa = PBXBuildFile; fileRef = 5D237B381C20108800293BDD /* puffLarge@2x.png */; };
		5D237B961C20108800293BDD /* puffSmall.png in Resources */ = {isa = PBXBuildFile; fileRef = 5D237B391C20108800293BDD /* puffSmall.png */; };
		5D237B971C20108800293BDD /* rock.png in Resources */ = {isa = PBXBuildFile; fileRef = 5D237B3A1C20108800293BDD /* rock.png */; };
		5D237B981C20108800293BDD /* rockDown.png in Resources */ = {isa = PBXBuildFile; fileRef = 5D237B3B1C20108800293BDD /* rockDown.png */; };
		5D237B991C20108800293BDD /* rockGrass.png in Resources */ = {isa = PBXBuildFile; fileRef = 5D237B3C1C20108800293BDD /* rockGrass.png */; };
		5D237B9A1C20108800293BDD /* rockGrassDown.png in Resources */ = {isa = PBXBuildFile; fileRef = 5D237B3D1C20108800293BDD /* rockGrassDown.png */; };
		5D237B9B1C20108800293BDD /* rockIce.png in Resources */ = {isa = PBXBuildFile; fileRef = 5D237B3E1C20108800293BDD /* rockIce.png */; };
		5D237B9C1C20108800293BDD /* rockIceDown.png in Resources */ = {isa = PBXBuildFile; fileRef = 5D237B3F1C20108800293BDD /* rockIceDown.png */; };
		5D237B9D1C20108800293BDD /* rockSnow.png in Resources */ = {isa = PBXBuildFile; fileRef = 5D237B401C20108800293BDD /* rockSnow.png */; };
		5D237B9E1C20108800293BDD /* rockSnowDown.png in Resources */ = {isa = PBXBuildFile; fileRef = 5D237B411C20108800293BDD /* rockSnowDown.png */; };
		5D237B9F1C20108800293BDD /* starBronze.png in Resources */ = {isa = PBXBuildFile; fileRef = 5D237B421C20108800293BDD /* starBronze.png */; };
		5D237BA01C20108800293BDD /* starGold.png in Resources */ = {isa = PBXBuildFile; fileRef = 5D237B431C20108800293BDD /* starGold.png */; };
		5D237BA11C20108800293BDD /* starSilver.png in Resources */ = {isa = PBXBuildFile; fileRef = 5D237B441C20108800293BDD /* starSilver.png */; };
		5D237BA21C20108800293BDD /* buttonLarge.png in Resources */ = {isa = PBXBuildFile; fileRef = 5D237B461C20108800293BDD /* buttonLarge.png */; };
		5D237BA31C20108800293BDD /* buttonSmall.png in Resources */ = {isa = PBXBuildFile; fileRef = 5D237B471C20108800293BDD /* buttonSmall.png */; };
		5D237BA41C20108800293BDD /* medalBronze.png in Resources */ = {isa = PBXBuildFile; fileRef = 5D237B481C20108800293BDD /* medalBronze.png */; };
		5D237BA51C20108800293BDD /* medalGold.png in Resources */ = {isa = PBXBuildFile; fileRef = 5D237B491C20108800293BDD /* medalGold.png */; };
		5D237BA61C20108800293BDD /* medalSilver.png in Resources */ = {isa = PBXBuildFile; fileRef = 5D237B4A1C20108800293BDD /* medalSilver.png */; };
		5D237BA71C20108800293BDD /* tap.png in Resources */ = {isa = PBXBuildFile; fileRef = 5D237B4B1C20108800293BDD /* tap.png */; };
		5D237BA81C20108800293BDD /* tapLeft.png in Resources */ = {isa = PBXBuildFile; fileRef = 5D237B4C1C20108800293BDD /* tapLeft.png */; };
		5D237BA91C20108800293BDD /* tapRight.png in Resources */ = {isa = PBXBuildFile; fileRef = 5D237B4D1C20108800293BDD /* tapRight.png */; };
		5D237BAA1C20108800293BDD /* tapTick.png in Resources */ = {isa = PBXBuildFile; fileRef = 5D237B4E1C20108800293BDD /* tapTick.png */; };
		5D237BAB1C20108800293BDD /* textGameOver.png in Resources */ = {isa = PBXBuildFile; fileRef = 5D237B4F1C20108800293BDD /* textGameOver.png */; };
		5D237BAC1C20108800293BDD /* textGetReady.png in Resources */ = {isa = PBXBuildFile; fileRef = 5D237B501C20108800293BDD /* textGetReady.png */; };
		5D237BAD1C20108800293BDD /* UIbg.png in Resources */ = {isa = PBXBuildFile; fileRef = 5D237B511C20108800293BDD /* UIbg.png */; };
		5D237BAE1C20108800293BDD /* preview.png in Resources */ = {isa = PBXBuildFile; fileRef = 5D237B521C20108800293BDD /* preview.png */; };
		5D237BAF1C20108800293BDD /* sample.png in Resources */ = {isa = PBXBuildFile; fileRef = 5D237B531C20108800293BDD /* sample.png */; };
		5D237BB01C20108800293BDD /* planes.png in Resources */ = {isa = PBXBuildFile; fileRef = 5D237B551C20108800293BDD /* planes.png */; };
		5D237BB11C20108800293BDD /* planes.xml in Resources */ = {isa = PBXBuildFile; fileRef = 5D237B561C20108800293BDD /* planes.xml */; };
		5D237BB21C20108800293BDD /* sheet.png in Resources */ = {isa = PBXBuildFile; fileRef = 5D237B571C20108800293BDD /* sheet.png */; };
		5D237BB31C20108800293BDD /* sheet.xml in Resources */ = {isa = PBXBuildFile; fileRef = 5D237B581C20108800293BDD /* sheet.xml */; };
		5D237BB41C20108800293BDD /* vector.svg in Resources */ = {isa = PBXBuildFile; fileRef = 5D237B5A1C20108800293BDD /* vector.svg */; };
		5D237BB51C20108800293BDD /* vector.swf in Resources */ = {isa = PBXBuildFile; fileRef = 5D237B5B1C20108800293BDD /* vector.swf */; };
		5D237BB61C20108800293BDD /* kenvector_future.ttf in Resources */ = {isa = PBXBuildFile; fileRef = 5D237B5D1C20108800293BDD /* kenvector_future.ttf */; };
		5D237BB71C20108800293BDD /* kenvector_future_thin.ttf in Resources */ = {isa = PBXBuildFile; fileRef = 5D237B5E1C20108800293BDD /* kenvector_future_thin.ttf */; };
		5D237BD11C201EFD00293BDD /* Graphics.atlas in Resources */ = {isa = PBXBuildFile; fileRef = 5D237BD01C201EFD00293BDD /* Graphics.atlas */; };
		5D237BD41C20213100293BDD /* Plane.m in Sources */ = {isa = PBXBuildFile; fileRef = 5D237BD31C20213100293BDD /* Plane.m */; };
		5D237BFF1C2028CA00293BDD /* Plane Animations.plist in Resources */ = {isa = PBXBuildFile; fileRef = 5D237BFE1C2028CA00293BDD /* Plane Animations.plist */; };
		5D237C021C204FDB00293BDD /* PlanePuffTrail.sks in Resources */ = {isa = PBXBuildFile; fileRef = 5D237C001C204FDB00293BDD /* PlanePuffTrail.sks */; };
		5D237C031C204FDB00293BDD /* spark.png in Resources */ = {isa = PBXBuildFile; fileRef = 5D237C011C204FDB00293BDD /* spark.png */; };
		5D237C061C2180F500293BDD /* ScrollingNode.m in Sources */ = {isa = PBXBuildFile; fileRef = 5D237C051C2180F500293BDD /* ScrollingNode.m */; };
		5D237C091C21833D00293BDD /* ScrollingLayer.m in Sources */ = {isa = PBXBuildFile; fileRef = 5D237C081C21833D00293BDD /* ScrollingLayer.m */; };
/* End PBXBuildFile section */

/* Begin PBXFileReference section */
		5D237ADF1C200DC200293BDD /* Tappy Plane.app */ = {isa = PBXFileReference; explicitFileType = wrapper.application; includeInIndex = 0; path = "Tappy Plane.app"; sourceTree = BUILT_PRODUCTS_DIR; };
		5D237AE31C200DC300293BDD /* main.m */ = {isa = PBXFileReference; lastKnownFileType = sourcecode.c.objc; path = main.m; sourceTree = "<group>"; };
		5D237AE51C200DC300293BDD /* AppDelegate.h */ = {isa = PBXFileReference; lastKnownFileType = sourcecode.c.h; path = AppDelegate.h; sourceTree = "<group>"; };
		5D237AE61C200DC300293BDD /* AppDelegate.m */ = {isa = PBXFileReference; lastKnownFileType = sourcecode.c.objc; path = AppDelegate.m; sourceTree = "<group>"; };
		5D237AE81C200DC300293BDD /* GameScene.h */ = {isa = PBXFileReference; lastKnownFileType = sourcecode.c.h; path = GameScene.h; sourceTree = "<group>"; };
		5D237AE91C200DC300293BDD /* GameScene.m */ = {isa = PBXFileReference; lastKnownFileType = sourcecode.c.objc; path = GameScene.m; sourceTree = "<group>"; };
		5D237AEB1C200DC300293BDD /* GameScene.sks */ = {isa = PBXFileReference; lastKnownFileType = file.sks; path = GameScene.sks; sourceTree = "<group>"; };
		5D237AED1C200DC300293BDD /* GameViewController.h */ = {isa = PBXFileReference; lastKnownFileType = sourcecode.c.h; path = GameViewController.h; sourceTree = "<group>"; };
		5D237AEE1C200DC400293BDD /* GameViewController.m */ = {isa = PBXFileReference; lastKnownFileType = sourcecode.c.objc; path = GameViewController.m; sourceTree = "<group>"; };
		5D237AF11C200DC400293BDD /* Base */ = {isa = PBXFileReference; lastKnownFileType = file.storyboard; name = Base; path = Base.lproj/Main.storyboard; sourceTree = "<group>"; };
		5D237AF31C200DC400293BDD /* Assets.xcassets */ = {isa = PBXFileReference; lastKnownFileType = folder.assetcatalog; path = Assets.xcassets; sourceTree = "<group>"; };
		5D237AF61C200DC400293BDD /* Base */ = {isa = PBXFileReference; lastKnownFileType = file.storyboard; name = Base; path = Base.lproj/LaunchScreen.storyboard; sourceTree = "<group>"; };
		5D237AF81C200DC400293BDD /* Info.plist */ = {isa = PBXFileReference; lastKnownFileType = text.plist.xml; path = Info.plist; sourceTree = "<group>"; };
		5D237B061C20108800293BDD /* letterA.png */ = {isa = PBXFileReference; lastKnownFileType = image.png; path = letterA.png; sourceTree = "<group>"; };
		5D237B071C20108800293BDD /* letterB.png */ = {isa = PBXFileReference; lastKnownFileType = image.png; path = letterB.png; sourceTree = "<group>"; };
		5D237B081C20108800293BDD /* letterC.png */ = {isa = PBXFileReference; lastKnownFileType = image.png; path = letterC.png; sourceTree = "<group>"; };
		5D237B091C20108800293BDD /* letterD.png */ = {isa = PBXFileReference; lastKnownFileType = image.png; path = letterD.png; sourceTree = "<group>"; };
		5D237B0A1C20108800293BDD /* letterE.png */ = {isa = PBXFileReference; lastKnownFileType = image.png; path = letterE.png; sourceTree = "<group>"; };
		5D237B0B1C20108800293BDD /* letterF.png */ = {isa = PBXFileReference; lastKnownFileType = image.png; path = letterF.png; sourceTree = "<group>"; };
		5D237B0C1C20108800293BDD /* letterG.png */ = {isa = PBXFileReference; lastKnownFileType = image.png; path = letterG.png; sourceTree = "<group>"; };
		5D237B0D1C20108800293BDD /* letterH.png */ = {isa = PBXFileReference; lastKnownFileType = image.png; path = letterH.png; sourceTree = "<group>"; };
		5D237B0E1C20108800293BDD /* letterI.png */ = {isa = PBXFileReference; lastKnownFileType = image.png; path = letterI.png; sourceTree = "<group>"; };
		5D237B0F1C20108800293BDD /* letterJ.png */ = {isa = PBXFileReference; lastKnownFileType = image.png; path = letterJ.png; sourceTree = "<group>"; };
		5D237B101C20108800293BDD /* letterK.png */ = {isa = PBXFileReference; lastKnownFileType = image.png; path = letterK.png; sourceTree = "<group>"; };
		5D237B111C20108800293BDD /* letterL.png */ = {isa = PBXFileReference; lastKnownFileType = image.png; path = letterL.png; sourceTree = "<group>"; };
		5D237B121C20108800293BDD /* letterM.png */ = {isa = PBXFileReference; lastKnownFileType = image.png; path = letterM.png; sourceTree = "<group>"; };
		5D237B131C20108800293BDD /* letterN.png */ = {isa = PBXFileReference; lastKnownFileType = image.png; path = letterN.png; sourceTree = "<group>"; };
		5D237B141C20108800293BDD /* letterO.png */ = {isa = PBXFileReference; lastKnownFileType = image.png; path = letterO.png; sourceTree = "<group>"; };
		5D237B151C20108800293BDD /* letterP.png */ = {isa = PBXFileReference; lastKnownFileType = image.png; path = letterP.png; sourceTree = "<group>"; };
		5D237B161C20108800293BDD /* letterQ.png */ = {isa = PBXFileReference; lastKnownFileType = image.png; path = letterQ.png; sourceTree = "<group>"; };
		5D237B171C20108800293BDD /* letterR.png */ = {isa = PBXFileReference; lastKnownFileType = image.png; path = letterR.png; sourceTree = "<group>"; };
		5D237B181C20108800293BDD /* letterS.png */ = {isa = PBXFileReference; lastKnownFileType = image.png; path = letterS.png; sourceTree = "<group>"; };
		5D237B191C20108800293BDD /* letterT.png */ = {isa = PBXFileReference; lastKnownFileType = image.png; path = letterT.png; sourceTree = "<group>"; };
		5D237B1A1C20108800293BDD /* letterU.png */ = {isa = PBXFileReference; lastKnownFileType = image.png; path = letterU.png; sourceTree = "<group>"; };
		5D237B1B1C20108800293BDD /* letterV.png */ = {isa = PBXFileReference; lastKnownFileType = image.png; path = letterV.png; sourceTree = "<group>"; };
		5D237B1C1C20108800293BDD /* letterW.png */ = {isa = PBXFileReference; lastKnownFileType = image.png; path = letterW.png; sourceTree = "<group>"; };
		5D237B1D1C20108800293BDD /* letterX.png */ = {isa = PBXFileReference; lastKnownFileType = image.png; path = letterX.png; sourceTree = "<group>"; };
		5D237B1E1C20108800293BDD /* letterY.png */ = {isa = PBXFileReference; lastKnownFileType = image.png; path = letterY.png; sourceTree = "<group>"; };
		5D237B1F1C20108800293BDD /* letterZ.png */ = {isa = PBXFileReference; lastKnownFileType = image.png; path = letterZ.png; sourceTree = "<group>"; };
		5D237B211C20108800293BDD /* number0.png */ = {isa = PBXFileReference; lastKnownFileType = image.png; path = number0.png; sourceTree = "<group>"; };
		5D237B221C20108800293BDD /* number1.png */ = {isa = PBXFileReference; lastKnownFileType = image.png; path = number1.png; sourceTree = "<group>"; };
		5D237B231C20108800293BDD /* number2.png */ = {isa = PBXFileReference; lastKnownFileType = image.png; path = number2.png; sourceTree = "<group>"; };
		5D237B241C20108800293BDD /* number3.png */ = {isa = PBXFileReference; lastKnownFileType = image.png; path = number3.png; sourceTree = "<group>"; };
		5D237B251C20108800293BDD /* number4.png */ = {isa = PBXFileReference; lastKnownFileType = image.png; path = number4.png; sourceTree = "<group>"; };
		5D237B261C20108800293BDD /* number5.png */ = {isa = PBXFileReference; lastKnownFileType = image.png; path = number5.png; sourceTree = "<group>"; };
		5D237B271C20108800293BDD /* number6.png */ = {isa = PBXFileReference; lastKnownFileType = image.png; path = number6.png; sourceTree = "<group>"; };
		5D237B281C20108800293BDD /* number7.png */ = {isa = PBXFileReference; lastKnownFileType = image.png; path = number7.png; sourceTree = "<group>"; };
		5D237B291C20108800293BDD /* number8.png */ = {isa = PBXFileReference; lastKnownFileType = image.png; path = number8.png; sourceTree = "<group>"; };
		5D237B2A1C20108800293BDD /* number9.png */ = {isa = PBXFileReference; lastKnownFileType = image.png; path = number9.png; sourceTree = "<group>"; };
		5D237B381C20108800293BDD /* puffLarge@2x.png */ = {isa = PBXFileReference; lastKnownFileType = image.png; path = "puffLarge@2x.png"; sourceTree = "<group>"; };
		5D237B391C20108800293BDD /* puffSmall.png */ = {isa = PBXFileReference; lastKnownFileType = image.png; path = puffSmall.png; sourceTree = "<group>"; };
		5D237B3A1C20108800293BDD /* rock.png */ = {isa = PBXFileReference; lastKnownFileType = image.png; path = rock.png; sourceTree = "<group>"; };
		5D237B3B1C20108800293BDD /* rockDown.png */ = {isa = PBXFileReference; lastKnownFileType = image.png; path = rockDown.png; sourceTree = "<group>"; };
		5D237B3C1C20108800293BDD /* rockGrass.png */ = {isa = PBXFileReference; lastKnownFileType = image.png; path = rockGrass.png; sourceTree = "<group>"; };
		5D237B3D1C20108800293BDD /* rockGrassDown.png */ = {isa = PBXFileReference; lastKnownFileType = image.png; path = rockGrassDown.png; sourceTree = "<group>"; };
		5D237B3E1C20108800293BDD /* rockIce.png */ = {isa = PBXFileReference; lastKnownFileType = image.png; path = rockIce.png; sourceTree = "<group>"; };
		5D237B3F1C20108800293BDD /* rockIceDown.png */ = {isa = PBXFileReference; lastKnownFileType = image.png; path = rockIceDown.png; sourceTree = "<group>"; };
		5D237B401C20108800293BDD /* rockSnow.png */ = {isa = PBXFileReference; lastKnownFileType = image.png; path = rockSnow.png; sourceTree = "<group>"; };
		5D237B411C20108800293BDD /* rockSnowDown.png */ = {isa = PBXFileReference; lastKnownFileType = image.png; path = rockSnowDown.png; sourceTree = "<group>"; };
		5D237B421C20108800293BDD /* starBronze.png */ = {isa = PBXFileReference; lastKnownFileType = image.png; path = starBronze.png; sourceTree = "<group>"; };
		5D237B431C20108800293BDD /* starGold.png */ = {isa = PBXFileReference; lastKnownFileType = image.png; path = starGold.png; sourceTree = "<group>"; };
		5D237B441C20108800293BDD /* starSilver.png */ = {isa = PBXFileReference; lastKnownFileType = image.png; path = starSilver.png; sourceTree = "<group>"; };
		5D237B461C20108800293BDD /* buttonLarge.png */ = {isa = PBXFileReference; lastKnownFileType = image.png; path = buttonLarge.png; sourceTree = "<group>"; };
		5D237B471C20108800293BDD /* buttonSmall.png */ = {isa = PBXFileReference; lastKnownFileType = image.png; path = buttonSmall.png; sourceTree = "<group>"; };
		5D237B481C20108800293BDD /* medalBronze.png */ = {isa = PBXFileReference; lastKnownFileType = image.png; path = medalBronze.png; sourceTree = "<group>"; };
		5D237B491C20108800293BDD /* medalGold.png */ = {isa = PBXFileReference; lastKnownFileType = image.png; path = medalGold.png; sourceTree = "<group>"; };
		5D237B4A1C20108800293BDD /* medalSilver.png */ = {isa = PBXFileReference; lastKnownFileType = image.png; path = medalSilver.png; sourceTree = "<group>"; };
		5D237B4B1C20108800293BDD /* tap.png */ = {isa = PBXFileReference; lastKnownFileType = image.png; path = tap.png; sourceTree = "<group>"; };
		5D237B4C1C20108800293BDD /* tapLeft.png */ = {isa = PBXFileReference; lastKnownFileType = image.png; path = tapLeft.png; sourceTree = "<group>"; };
		5D237B4D1C20108800293BDD /* tapRight.png */ = {isa = PBXFileReference; lastKnownFileType = image.png; path = tapRight.png; sourceTree = "<group>"; };
		5D237B4E1C20108800293BDD /* tapTick.png */ = {isa = PBXFileReference; lastKnownFileType = image.png; path = tapTick.png; sourceTree = "<group>"; };
		5D237B4F1C20108800293BDD /* textGameOver.png */ = {isa = PBXFileReference; lastKnownFileType = image.png; path = textGameOver.png; sourceTree = "<group>"; };
		5D237B501C20108800293BDD /* textGetReady.png */ = {isa = PBXFileReference; lastKnownFileType = image.png; path = textGetReady.png; sourceTree = "<group>"; };
		5D237B511C20108800293BDD /* UIbg.png */ = {isa = PBXFileReference; lastKnownFileType = image.png; path = UIbg.png; sourceTree = "<group>"; };
		5D237B521C20108800293BDD /* preview.png */ = {isa = PBXFileReference; lastKnownFileType = image.png; path = preview.png; sourceTree = "<group>"; };
		5D237B531C20108800293BDD /* sample.png */ = {isa = PBXFileReference; lastKnownFileType = image.png; path = sample.png; sourceTree = "<group>"; };
		5D237B551C20108800293BDD /* planes.png */ = {isa = PBXFileReference; lastKnownFileType = image.png; path = planes.png; sourceTree = "<group>"; };
		5D237B561C20108800293BDD /* planes.xml */ = {isa = PBXFileReference; fileEncoding = 4; lastKnownFileType = text.xml; path = planes.xml; sourceTree = "<group>"; };
		5D237B571C20108800293BDD /* sheet.png */ = {isa = PBXFileReference; lastKnownFileType = image.png; path = sheet.png; sourceTree = "<group>"; };
		5D237B581C20108800293BDD /* sheet.xml */ = {isa = PBXFileReference; fileEncoding = 4; lastKnownFileType = text.xml; path = sheet.xml; sourceTree = "<group>"; };
		5D237B5A1C20108800293BDD /* vector.svg */ = {isa = PBXFileReference; fileEncoding = 4; lastKnownFileType = text; path = vector.svg; sourceTree = "<group>"; };
		5D237B5B1C20108800293BDD /* vector.swf */ = {isa = PBXFileReference; lastKnownFileType = file; path = vector.swf; sourceTree = "<group>"; };
		5D237B5D1C20108800293BDD /* kenvector_future.ttf */ = {isa = PBXFileReference; lastKnownFileType = file; path = kenvector_future.ttf; sourceTree = "<group>"; };
		5D237B5E1C20108800293BDD /* kenvector_future_thin.ttf */ = {isa = PBXFileReference; lastKnownFileType = file; path = kenvector_future_thin.ttf; sourceTree = "<group>"; };
		5D237BD01C201EFD00293BDD /* Graphics.atlas */ = {isa = PBXFileReference; lastKnownFileType = folder.skatlas; path = Graphics.atlas; sourceTree = "<group>"; };
		5D237BD21C20213100293BDD /* Plane.h */ = {isa = PBXFileReference; fileEncoding = 4; lastKnownFileType = sourcecode.c.h; path = Plane.h; sourceTree = "<group>"; };
		5D237BD31C20213100293BDD /* Plane.m */ = {isa = PBXFileReference; fileEncoding = 4; lastKnownFileType = sourcecode.c.objc; path = Plane.m; sourceTree = "<group>"; };
		5D237BFE1C2028CA00293BDD /* Plane Animations.plist */ = {isa = PBXFileReference; fileEncoding = 4; lastKnownFileType = text.plist.xml; path = "Plane Animations.plist"; sourceTree = "<group>"; };
		5D237C001C204FDB00293BDD /* PlanePuffTrail.sks */ = {isa = PBXFileReference; lastKnownFileType = file.sks; path = PlanePuffTrail.sks; sourceTree = "<group>"; };
		5D237C011C204FDB00293BDD /* spark.png */ = {isa = PBXFileReference; lastKnownFileType = image.png; path = spark.png; sourceTree = "<group>"; };
		5D237C041C2180F500293BDD /* ScrollingNode.h */ = {isa = PBXFileReference; fileEncoding = 4; lastKnownFileType = sourcecode.c.h; path = ScrollingNode.h; sourceTree = "<group>"; };
		5D237C051C2180F500293BDD /* ScrollingNode.m */ = {isa = PBXFileReference; fileEncoding = 4; lastKnownFileType = sourcecode.c.objc; path = ScrollingNode.m; sourceTree = "<group>"; };
		5D237C071C21833D00293BDD /* ScrollingLayer.h */ = {isa = PBXFileReference; fileEncoding = 4; lastKnownFileType = sourcecode.c.h; path = ScrollingLayer.h; sourceTree = "<group>"; };
		5D237C081C21833D00293BDD /* ScrollingLayer.m */ = {isa = PBXFileReference; fileEncoding = 4; lastKnownFileType = sourcecode.c.objc; path = ScrollingLayer.m; sourceTree = "<group>"; };
/* End PBXFileReference section */

/* Begin PBXFrameworksBuildPhase section */
		5D237ADC1C200DC200293BDD /* Frameworks */ = {
			isa = PBXFrameworksBuildPhase;
			buildActionMask = 2147483647;
			files = (
			);
			runOnlyForDeploymentPostprocessing = 0;
		};
/* End PBXFrameworksBuildPhase section */

/* Begin PBXGroup section */
		5D237AD61C200DC200293BDD = {
			isa = PBXGroup;
			children = (
				5D237AE11C200DC200293BDD /* Tappy Plane */,
				5D237AE01C200DC200293BDD /* Products */,
			);
			sourceTree = "<group>";
		};
		5D237AE01C200DC200293BDD /* Products */ = {
			isa = PBXGroup;
			children = (
				5D237ADF1C200DC200293BDD /* Tappy Plane.app */,
			);
			name = Products;
			sourceTree = "<group>";
		};
		5D237AE11C200DC200293BDD /* Tappy Plane */ = {
			isa = PBXGroup;
			children = (
				5D237BFE1C2028CA00293BDD /* Plane Animations.plist */,
				5D237AE51C200DC300293BDD /* AppDelegate.h */,
				5D237AE61C200DC300293BDD /* AppDelegate.m */,
				5D237AE81C200DC300293BDD /* GameScene.h */,
				5D237AE91C200DC300293BDD /* GameScene.m */,
				5D237BD21C20213100293BDD /* Plane.h */,
				5D237BD31C20213100293BDD /* Plane.m */,
				5D237C041C2180F500293BDD /* ScrollingNode.h */,
				5D237C051C2180F500293BDD /* ScrollingNode.m */,
				5D237C071C21833D00293BDD /* ScrollingLayer.h */,
				5D237C081C21833D00293BDD /* ScrollingLayer.m */,
				5D237AEB1C200DC300293BDD /* GameScene.sks */,
				5D237AED1C200DC300293BDD /* GameViewController.h */,
				5D237AEE1C200DC400293BDD /* GameViewController.m */,
				5D237AF01C200DC400293BDD /* Main.storyboard */,
				5D237AF31C200DC400293BDD /* Assets.xcassets */,
				5D237AF51C200DC400293BDD /* LaunchScreen.storyboard */,
				5D237AF81C200DC400293BDD /* Info.plist */,
				5D237AE21C200DC300293BDD /* Supporting Files */,
			);
			path = "Tappy Plane";
			sourceTree = "<group>";
		};
		5D237AE21C200DC300293BDD /* Supporting Files */ = {
			isa = PBXGroup;
			children = (
				5D237C001C204FDB00293BDD /* PlanePuffTrail.sks */,
				5D237C011C204FDB00293BDD /* spark.png */,
				5D237AFE1C20108800293BDD /* PNG */,
				5D237B521C20108800293BDD /* preview.png */,
				5D237B531C20108800293BDD /* sample.png */,
				5D237B541C20108800293BDD /* Spritesheet */,
				5D237B591C20108800293BDD /* Vector */,
				5D237B5C1C20108800293BDD /* Font */,
				5D237AE31C200DC300293BDD /* main.m */,
			);
			name = "Supporting Files";
			sourceTree = "<group>";
		};
		5D237AFE1C20108800293BDD /* PNG */ = {
			isa = PBXGroup;
			children = (
				5D237BD01C201EFD00293BDD /* Graphics.atlas */,
				5D237B051C20108800293BDD /* Letters */,
				5D237B201C20108800293BDD /* Numbers */,
				5D237B381C20108800293BDD /* puffLarge@2x.png */,
				5D237B391C20108800293BDD /* puffSmall.png */,
				5D237B3A1C20108800293BDD /* rock.png */,
				5D237B3B1C20108800293BDD /* rockDown.png */,
				5D237B3C1C20108800293BDD /* rockGrass.png */,
				5D237B3D1C20108800293BDD /* rockGrassDown.png */,
				5D237B3E1C20108800293BDD /* rockIce.png */,
				5D237B3F1C20108800293BDD /* rockIceDown.png */,
				5D237B401C20108800293BDD /* rockSnow.png */,
				5D237B411C20108800293BDD /* rockSnowDown.png */,
				5D237B421C20108800293BDD /* starBronze.png */,
				5D237B431C20108800293BDD /* starGold.png */,
				5D237B441C20108800293BDD /* starSilver.png */,
				5D237B451C20108800293BDD /* UI */,
			);
			path = PNG;
			sourceTree = "<group>";
		};
		5D237B051C20108800293BDD /* Letters */ = {
			isa = PBXGroup;
			children = (
				5D237B061C20108800293BDD /* letterA.png */,
				5D237B071C20108800293BDD /* letterB.png */,
				5D237B081C20108800293BDD /* letterC.png */,
				5D237B091C20108800293BDD /* letterD.png */,
				5D237B0A1C20108800293BDD /* letterE.png */,
				5D237B0B1C20108800293BDD /* letterF.png */,
				5D237B0C1C20108800293BDD /* letterG.png */,
				5D237B0D1C20108800293BDD /* letterH.png */,
				5D237B0E1C20108800293BDD /* letterI.png */,
				5D237B0F1C20108800293BDD /* letterJ.png */,
				5D237B101C20108800293BDD /* letterK.png */,
				5D237B111C20108800293BDD /* letterL.png */,
				5D237B121C20108800293BDD /* letterM.png */,
				5D237B131C20108800293BDD /* letterN.png */,
				5D237B141C20108800293BDD /* letterO.png */,
				5D237B151C20108800293BDD /* letterP.png */,
				5D237B161C20108800293BDD /* letterQ.png */,
				5D237B171C20108800293BDD /* letterR.png */,
				5D237B181C20108800293BDD /* letterS.png */,
				5D237B191C20108800293BDD /* letterT.png */,
				5D237B1A1C20108800293BDD /* letterU.png */,
				5D237B1B1C20108800293BDD /* letterV.png */,
				5D237B1C1C20108800293BDD /* letterW.png */,
				5D237B1D1C20108800293BDD /* letterX.png */,
				5D237B1E1C20108800293BDD /* letterY.png */,
				5D237B1F1C20108800293BDD /* letterZ.png */,
			);
			path = Letters;
			sourceTree = "<group>";
		};
		5D237B201C20108800293BDD /* Numbers */ = {
			isa = PBXGroup;
			children = (
				5D237B211C20108800293BDD /* number0.png */,
				5D237B221C20108800293BDD /* number1.png */,
				5D237B231C20108800293BDD /* number2.png */,
				5D237B241C20108800293BDD /* number3.png */,
				5D237B251C20108800293BDD /* number4.png */,
				5D237B261C20108800293BDD /* number5.png */,
				5D237B271C20108800293BDD /* number6.png */,
				5D237B281C20108800293BDD /* number7.png */,
				5D237B291C20108800293BDD /* number8.png */,
				5D237B2A1C20108800293BDD /* number9.png */,
			);
			path = Numbers;
			sourceTree = "<group>";
		};
		5D237B451C20108800293BDD /* UI */ = {
			isa = PBXGroup;
			children = (
				5D237B461C20108800293BDD /* buttonLarge.png */,
				5D237B471C20108800293BDD /* buttonSmall.png */,
				5D237B481C20108800293BDD /* medalBronze.png */,
				5D237B491C20108800293BDD /* medalGold.png */,
				5D237B4A1C20108800293BDD /* medalSilver.png */,
				5D237B4B1C20108800293BDD /* tap.png */,
				5D237B4C1C20108800293BDD /* tapLeft.png */,
				5D237B4D1C20108800293BDD /* tapRight.png */,
				5D237B4E1C20108800293BDD /* tapTick.png */,
				5D237B4F1C20108800293BDD /* textGameOver.png */,
				5D237B501C20108800293BDD /* textGetReady.png */,
				5D237B511C20108800293BDD /* UIbg.png */,
			);
			path = UI;
			sourceTree = "<group>";
		};
		5D237B541C20108800293BDD /* Spritesheet */ = {
			isa = PBXGroup;
			children = (
				5D237B551C20108800293BDD /* planes.png */,
				5D237B561C20108800293BDD /* planes.xml */,
				5D237B571C20108800293BDD /* sheet.png */,
				5D237B581C20108800293BDD /* sheet.xml */,
			);
			path = Spritesheet;
			sourceTree = "<group>";
		};
		5D237B591C20108800293BDD /* Vector */ = {
			isa = PBXGroup;
			children = (
				5D237B5A1C20108800293BDD /* vector.svg */,
				5D237B5B1C20108800293BDD /* vector.swf */,
			);
			path = Vector;
			sourceTree = "<group>";
		};
		5D237B5C1C20108800293BDD /* Font */ = {
			isa = PBXGroup;
			children = (
				5D237B5D1C20108800293BDD /* kenvector_future.ttf */,
				5D237B5E1C20108800293BDD /* kenvector_future_thin.ttf */,
			);
			path = Font;
			sourceTree = "<group>";
		};
/* End PBXGroup section */

/* Begin PBXNativeTarget section */
		5D237ADE1C200DC200293BDD /* Tappy Plane */ = {
			isa = PBXNativeTarget;
			buildConfigurationList = 5D237AFB1C200DC400293BDD /* Build configuration list for PBXNativeTarget "Tappy Plane" */;
			buildPhases = (
				5D237ADB1C200DC200293BDD /* Sources */,
				5D237ADC1C200DC200293BDD /* Frameworks */,
				5D237ADD1C200DC200293BDD /* Resources */,
			);
			buildRules = (
			);
			dependencies = (
			);
			name = "Tappy Plane";
			productName = "Tappy Plane";
			productReference = 5D237ADF1C200DC200293BDD /* Tappy Plane.app */;
			productType = "com.apple.product-type.application";
		};
/* End PBXNativeTarget section */

/* Begin PBXProject section */
		5D237AD71C200DC200293BDD /* Project object */ = {
			isa = PBXProject;
			attributes = {
				LastUpgradeCheck = 0710;
				ORGANIZATIONNAME = "Simeon Andreev";
				TargetAttributes = {
					5D237ADE1C200DC200293BDD = {
						CreatedOnToolsVersion = 7.1.1;
					};
				};
			};
			buildConfigurationList = 5D237ADA1C200DC200293BDD /* Build configuration list for PBXProject "Tappy Plane" */;
			compatibilityVersion = "Xcode 3.2";
			developmentRegion = English;
			hasScannedForEncodings = 0;
			knownRegions = (
				en,
				Base,
			);
			mainGroup = 5D237AD61C200DC200293BDD;
			productRefGroup = 5D237AE01C200DC200293BDD /* Products */;
			projectDirPath = "";
			projectRoot = "";
			targets = (
				5D237ADE1C200DC200293BDD /* Tappy Plane */,
			);
		};
/* End PBXProject section */

/* Begin PBXResourcesBuildPhase section */
		5D237ADD1C200DC200293BDD /* Resources */ = {
			isa = PBXResourcesBuildPhase;
			buildActionMask = 2147483647;
			files = (
				5D237B701C20108800293BDD /* letterL.png in Resources */,
				5D237B651C20108800293BDD /* letterA.png in Resources */,
				5D237BA81C20108800293BDD /* tapLeft.png in Resources */,
				5D237B6F1C20108800293BDD /* letterK.png in Resources */,
				5D237B7A1C20108800293BDD /* letterV.png in Resources */,
				5D237B681C20108800293BDD /* letterD.png in Resources */,
				5D237B7C1C20108800293BDD /* letterX.png in Resources */,
				5D237B751C20108800293BDD /* letterQ.png in Resources */,
				5D237B6A1C20108800293BDD /* letterF.png in Resources */,
				5D237B9A1C20108800293BDD /* rockGrassDown.png in Resources */,
				5D237B831C20108800293BDD /* number4.png in Resources */,
				5D237BAA1C20108800293BDD /* tapTick.png in Resources */,
				5D237B801C20108800293BDD /* number1.png in Resources */,
				5D237B791C20108800293BDD /* letterU.png in Resources */,
				5D237B7F1C20108800293BDD /* number0.png in Resources */,
				5D237B841C20108800293BDD /* number5.png in Resources */,
				5D237BA31C20108800293BDD /* buttonSmall.png in Resources */,
				5D237BAE1C20108800293BDD /* preview.png in Resources */,
				5D237B9E1C20108800293BDD /* rockSnowDown.png in Resources */,
				5D237BB61C20108800293BDD /* kenvector_future.ttf in Resources */,
				5D237BA11C20108800293BDD /* starSilver.png in Resources */,
				5D237BAF1C20108800293BDD /* sample.png in Resources */,
				5D237BA01C20108800293BDD /* starGold.png in Resources */,
				5D237B9C1C20108800293BDD /* rockIceDown.png in Resources */,
				5D237C021C204FDB00293BDD /* PlanePuffTrail.sks in Resources */,
				5D237B781C20108800293BDD /* letterT.png in Resources */,
				5D237B9D1C20108800293BDD /* rockSnow.png in Resources */,
				5D237B7B1C20108800293BDD /* letterW.png in Resources */,
				5D237B981C20108800293BDD /* rockDown.png in Resources */,
				5D237B9F1C20108800293BDD /* starBronze.png in Resources */,
				5D237AEC1C200DC300293BDD /* GameScene.sks in Resources */,
				5D237B771C20108800293BDD /* letterS.png in Resources */,
				5D237BB11C20108800293BDD /* planes.xml in Resources */,
				5D237B731C20108800293BDD /* letterO.png in Resources */,
				5D237BB21C20108800293BDD /* sheet.png in Resources */,
				5D237BD11C201EFD00293BDD /* Graphics.atlas in Resources */,
				5D237B9B1C20108800293BDD /* rockIce.png in Resources */,
				5D237BFF1C2028CA00293BDD /* Plane Animations.plist in Resources */,
				5D237B881C20108800293BDD /* number9.png in Resources */,
				5D237BAC1C20108800293BDD /* textGetReady.png in Resources */,
				5D237BB51C20108800293BDD /* vector.swf in Resources */,
				5D237B6B1C20108800293BDD /* letterG.png in Resources */,
				5D237B741C20108800293BDD /* letterP.png in Resources */,
				5D237BB01C20108800293BDD /* planes.png in Resources */,
				5D237B6E1C20108800293BDD /* letterJ.png in Resources */,
				5D237BAD1C20108800293BDD /* UIbg.png in Resources */,
				5D237C031C204FDB00293BDD /* spark.png in Resources */,
				5D237B991C20108800293BDD /* rockGrass.png in Resources */,
				5D237B761C20108800293BDD /* letterR.png in Resources */,
				5D237B7D1C20108800293BDD /* letterY.png in Resources */,
				5D237B811C20108800293BDD /* number2.png in Resources */,
				5D237B871C20108800293BDD /* number8.png in Resources */,
				5D237B711C20108800293BDD /* letterM.png in Resources */,
				5D237B861C20108800293BDD /* number7.png in Resources */,
				5D237BA71C20108800293BDD /* tap.png in Resources */,
				5D237BA51C20108800293BDD /* medalGold.png in Resources */,
				5D237BB71C20108800293BDD /* kenvector_future_thin.ttf in Resources */,
				5D237B691C20108800293BDD /* letterE.png in Resources */,
				5D237B661C20108800293BDD /* letterB.png in Resources */,
				5D237BA41C20108800293BDD /* medalBronze.png in Resources */,
				5D237B951C20108800293BDD /* puffLarge@2x.png in Resources */,
				5D237BA21C20108800293BDD /* buttonLarge.png in Resources */,
				5D237BA91C20108800293BDD /* tapRight.png in Resources */,
				5D237BAB1C20108800293BDD /* textGameOver.png in Resources */,
				5D237BA61C20108800293BDD /* medalSilver.png in Resources */,
				5D237AF71C200DC400293BDD /* LaunchScreen.storyboard in Resources */,
				5D237B6C1C20108800293BDD /* letterH.png in Resources */,
				5D237B6D1C20108800293BDD /* letterI.png in Resources */,
				5D237BB31C20108800293BDD /* sheet.xml in Resources */,
				5D237BB41C20108800293BDD /* vector.svg in Resources */,
				5D237B821C20108800293BDD /* number3.png in Resources */,
				5D237B851C20108800293BDD /* number6.png in Resources */,
				5D237B971C20108800293BDD /* rock.png in Resources */,
				5D237B961C20108800293BDD /* puffSmall.png in Resources */,
				5D237B721C20108800293BDD /* letterN.png in Resources */,
				5D237B7E1C20108800293BDD /* letterZ.png in Resources */,
				5D237B671C20108800293BDD /* letterC.png in Resources */,
				5D237AF41C200DC400293BDD /* Assets.xcassets in Resources */,
				5D237AF21C200DC400293BDD /* Main.storyboard in Resources */,
			);
			runOnlyForDeploymentPostprocessing = 0;
		};
/* End PBXResourcesBuildPhase section */

/* Begin PBXSourcesBuildPhase section */
		5D237ADB1C200DC200293BDD /* Sources */ = {
			isa = PBXSourcesBuildPhase;
			buildActionMask = 2147483647;
			files = (
				5D237AEF1C200DC400293BDD /* GameViewController.m in Sources */,
				5D237AE71C200DC300293BDD /* AppDelegate.m in Sources */,
				5D237C091C21833D00293BDD /* ScrollingLayer.m in Sources */,
				5D237BD41C20213100293BDD /* Plane.m in Sources */,
				5D237AEA1C200DC300293BDD /* GameScene.m in Sources */,
				5D237AE41C200DC300293BDD /* main.m in Sources */,
				5D237C061C2180F500293BDD /* ScrollingNode.m in Sources */,
			);
			runOnlyForDeploymentPostprocessing = 0;
		};
/* End PBXSourcesBuildPhase section */

/* Begin PBXVariantGroup section */
		5D237AF01C200DC400293BDD /* Main.storyboard */ = {
			isa = PBXVariantGroup;
			children = (
				5D237AF11C200DC400293BDD /* Base */,
			);
			name = Main.storyboard;
			sourceTree = "<group>";
		};
		5D237AF51C200DC400293BDD /* LaunchScreen.storyboard */ = {
			isa = PBXVariantGroup;
			children = (
				5D237AF61C200DC400293BDD /* Base */,
			);
			name = LaunchScreen.storyboard;
			sourceTree = "<group>";
		};
/* End PBXVariantGroup section */

/* Begin XCBuildConfiguration section */
		5D237AF91C200DC400293BDD /* Debug */ = {
			isa = XCBuildConfiguration;
			buildSettings = {
				ALWAYS_SEARCH_USER_PATHS = NO;
				CLANG_CXX_LANGUAGE_STANDARD = "gnu++0x";
				CLANG_CXX_LIBRARY = "libc++";
				CLANG_ENABLE_MODULES = YES;
				CLANG_ENABLE_OBJC_ARC = YES;
				CLANG_WARN_BOOL_CONVERSION = YES;
				CLANG_WARN_CONSTANT_CONVERSION = YES;
				CLANG_WARN_DIRECT_OBJC_ISA_USAGE = YES_ERROR;
				CLANG_WARN_EMPTY_BODY = YES;
				CLANG_WARN_ENUM_CONVERSION = YES;
				CLANG_WARN_INT_CONVERSION = YES;
				CLANG_WARN_OBJC_ROOT_CLASS = YES_ERROR;
				CLANG_WARN_UNREACHABLE_CODE = YES;
				CLANG_WARN__DUPLICATE_METHOD_MATCH = YES;
				"CODE_SIGN_IDENTITY[sdk=iphoneos*]" = "iPhone Developer";
				COPY_PHASE_STRIP = NO;
				DEBUG_INFORMATION_FORMAT = "dwarf-with-dsym";
				ENABLE_STRICT_OBJC_MSGSEND = YES;
				ENABLE_TESTABILITY = YES;
				GCC_C_LANGUAGE_STANDARD = gnu99;
				GCC_DYNAMIC_NO_PIC = NO;
				GCC_NO_COMMON_BLOCKS = YES;
				GCC_OPTIMIZATION_LEVEL = 0;
				GCC_PREPROCESSOR_DEFINITIONS = (
					"DEBUG=1",
					"$(inherited)",
				);
				GCC_WARN_64_TO_32_BIT_CONVERSION = YES;
				GCC_WARN_ABOUT_RETURN_TYPE = YES_ERROR;
				GCC_WARN_UNDECLARED_SELECTOR = YES;
				GCC_WARN_UNINITIALIZED_AUTOS = YES_AGGRESSIVE;
				GCC_WARN_UNUSED_FUNCTION = YES;
				GCC_WARN_UNUSED_VARIABLE = YES;
				IPHONEOS_DEPLOYMENT_TARGET = 9.1;
				MTL_ENABLE_DEBUG_INFO = YES;
				ONLY_ACTIVE_ARCH = YES;
				SDKROOT = iphoneos;
				TARGETED_DEVICE_FAMILY = "1,2";
			};
			name = Debug;
		};
		5D237AFA1C200DC400293BDD /* Release */ = {
			isa = XCBuildConfiguration;
			buildSettings = {
				ALWAYS_SEARCH_USER_PATHS = NO;
				CLANG_CXX_LANGUAGE_STANDARD = "gnu++0x";
				CLANG_CXX_LIBRARY = "libc++";
				CLANG_ENABLE_MODULES = YES;
				CLANG_ENABLE_OBJC_ARC = YES;
				CLANG_WARN_BOOL_CONVERSION = YES;
				CLANG_WARN_CONSTANT_CONVERSION = YES;
				CLANG_WARN_DIRECT_OBJC_ISA_USAGE = YES_ERROR;
				CLANG_WARN_EMPTY_BODY = YES;
				CLANG_WARN_ENUM_CONVERSION = YES;
				CLANG_WARN_INT_CONVERSION = YES;
				CLANG_WARN_OBJC_ROOT_CLASS = YES_ERROR;
				CLANG_WARN_UNREACHABLE_CODE = YES;
				CLANG_WARN__DUPLICATE_METHOD_MATCH = YES;
				"CODE_SIGN_IDENTITY[sdk=iphoneos*]" = "iPhone Developer";
				COPY_PHASE_STRIP = NO;
				DEBUG_INFORMATION_FORMAT = "dwarf-with-dsym";
				ENABLE_NS_ASSERTIONS = NO;
				ENABLE_STRICT_OBJC_MSGSEND = YES;
				GCC_C_LANGUAGE_STANDARD = gnu99;
				GCC_NO_COMMON_BLOCKS = YES;
				GCC_WARN_64_TO_32_BIT_CONVERSION = YES;
				GCC_WARN_ABOUT_RETURN_TYPE = YES_ERROR;
				GCC_WARN_UNDECLARED_SELECTOR = YES;
				GCC_WARN_UNINITIALIZED_AUTOS = YES_AGGRESSIVE;
				GCC_WARN_UNUSED_FUNCTION = YES;
				GCC_WARN_UNUSED_VARIABLE = YES;
				IPHONEOS_DEPLOYMENT_TARGET = 9.1;
				MTL_ENABLE_DEBUG_INFO = NO;
				SDKROOT = iphoneos;
				TARGETED_DEVICE_FAMILY = "1,2";
				VALIDATE_PRODUCT = YES;
			};
			name = Release;
		};
		5D237AFC1C200DC400293BDD /* Debug */ = {
			isa = XCBuildConfiguration;
			buildSettings = {
				ASSETCATALOG_COMPILER_APPICON_NAME = AppIcon;
				INFOPLIST_FILE = "Tappy Plane/Info.plist";
				LD_RUNPATH_SEARCH_PATHS = "$(inherited) @executable_path/Frameworks";
				PRODUCT_BUNDLE_IDENTIFIER = "bianor.Tappy-Plane";
				PRODUCT_NAME = "$(TARGET_NAME)";
				TARGETED_DEVICE_FAMILY = "1,2";
			};
			name = Debug;
		};
		5D237AFD1C200DC400293BDD /* Release */ = {
			isa = XCBuildConfiguration;
			buildSettings = {
				ASSETCATALOG_COMPILER_APPICON_NAME = AppIcon;
				INFOPLIST_FILE = "Tappy Plane/Info.plist";
				LD_RUNPATH_SEARCH_PATHS = "$(inherited) @executable_path/Frameworks";
				PRODUCT_BUNDLE_IDENTIFIER = "bianor.Tappy-Plane";
				PRODUCT_NAME = "$(TARGET_NAME)";
				TARGETED_DEVICE_FAMILY = "1,2";
			};
			name = Release;
		};
/* End XCBuildConfiguration section */

/* Begin XCConfigurationList section */
		5D237ADA1C200DC200293BDD /* Build configuration list for PBXProject "Tappy Plane" */ = {
			isa = XCConfigurationList;
			buildConfigurations = (
				5D237AF91C200DC400293BDD /* Debug */,
				5D237AFA1C200DC400293BDD /* Release */,
			);
			defaultConfigurationIsVisible = 0;
			defaultConfigurationName = Release;
		};
		5D237AFB1C200DC400293BDD /* Build configuration list for PBXNativeTarget "Tappy Plane" */ = {
			isa = XCConfigurationList;
			buildConfigurations = (
				5D237AFC1C200DC400293BDD /* Debug */,
				5D237AFD1C200DC400293BDD /* Release */,
			);
			defaultConfigurationIsVisible = 0;
			defaultConfigurationName = Release;
		};
/* End XCConfigurationList section */
	};
	rootObject = 5D237AD71C200DC200293BDD /* Project object */;
}
